Microsoft Visual Studio Solution File, Format Version 12.00
# Visual Studio Version 17
VisualStudioVersion = 17.5.2.0
MinimumVisualStudioVersion = 10.0.40219.1
Project("{2150E333-8FDC-42A3-9474-1A3956D46DE8}") = "biometric-service", "biometric-service", "{81596A6B-E1D5-A7B6-D6C5-21C4A0792A9A}"
EndProject
Project("{FAE04EC0-301F-11D3-BF4B-00C04F79EFBC}") = "BiometricService", "biometric-service\BiometricService.csproj", "{C475415D-395E-154D-68B4-465CADC22515}"
EndProject
Global
	GlobalSection(SolutionConfigurationPlatforms) = preSolution
		Debug|Any CPU = Debug|Any CPU
		Release|Any CPU = Release|Any CPU
	EndGlobalSection
	GlobalSection(ProjectConfigurationPlatforms) = postSolution
		{C475415D-395E-154D-68B4-465CADC22515}.Debug|Any CPU.ActiveCfg = Debug|Any CPU
		{C475415D-395E-154D-68B4-465CADC22515}.Debug|Any CPU.Build.0 = Debug|Any CPU
		{C475415D-395E-154D-68B4-465CADC22515}.Release|Any CPU.ActiveCfg = Release|Any CPU
		{C475415D-395E-154D-68B4-465CADC22515}.Release|Any CPU.Build.0 = Release|Any CPU
	EndGlobalSection
	GlobalSection(SolutionProperties) = preSolution
		HideSolutionNode = FALSE
	EndGlobalSection
	GlobalSection(NestedProjects) = preSolution
		{C475415D-395E-154D-68B4-465CADC22515} = {81596A6B-E1D5-A7B6-D6C5-21C4A0792A9A}
	EndGlobalSection
	GlobalSection(ExtensibilityGlobals) = postSolution
		SolutionGuid = {1E33BC74-907B-417B-BEC3-B93597F84EB9}
	EndGlobalSection
EndGlobal
